
Microsoft Visual Studio Solution File, Format Version 12.00
# Visual Studio Version 17
VisualStudioVersion = 17.9.34607.119
MinimumVisualStudioVersion = 10.0.40219.1
Project("{8BC9CEB8-8B4A-11D0-8D11-00A0C91BC942}") = "Project78_ComvToObject", "Project78_ComvToObject\Project78_ComvToObject.vcxproj", "{C3A67594-475A-4171-B032-3AA06B41A416}"
EndProject
Global
	GlobalSection(SolutionConfigurationPlatforms) = preSolution
		Debug|x64 = Debug|x64
		Debug|x86 = Debug|x86
		Release|x64 = Release|x64
		Release|x86 = Release|x86
	EndGlobalSection
	GlobalSection(ProjectConfigurationPlatforms) = postSolution
		{C3A67594-475A-4171-B032-3AA06B41A416}.Debug|x64.ActiveCfg = Debug|x64
		{C3A67594-475A-4171-B032-3AA06B41A416}.Debug|x64.Build.0 = Debug|x64
		{C3A67594-475A-4171-B032-3AA06B41A416}.Debug|x86.ActiveCfg = Debug|Win32
		{C3A67594-475A-4171-B032-3AA06B41A416}.Debug|x86.Build.0 = Debug|Win32
		{C3A67594-475A-4171-B032-3AA06B41A416}.Release|x64.ActiveCfg = Release|x64
		{C3A67594-475A-4171-B032-3AA06B41A416}.Release|x64.Build.0 = Release|x64
		{C3A67594-475A-4171-B032-3AA06B41A416}.Release|x86.ActiveCfg = Release|Win32
		{C3A67594-475A-4171-B032-3AA06B41A416}.Release|x86.Build.0 = Release|Win32
	EndGlobalSection
	GlobalSection(SolutionProperties) = preSolution
		HideSolutionNode = FALSE
	EndGlobalSection
	GlobalSection(ExtensibilityGlobals) = postSolution
		SolutionGuid = {1539C59C-5F40-45E5-A20A-AB1F464C6CF0}
	EndGlobalSection
EndGlobal
