
Microsoft Visual Studio Solution File, Format Version 12.00
# Visual Studio Version 17
VisualStudioVersion = 17.9.34607.119
MinimumVisualStudioVersion = 10.0.40219.1
Project("{8BC9CEB8-8B4A-11D0-8D11-00A0C91BC942}") = "Project93_UnhandingException", "Project93_UnhandingException\Project93_UnhandingException.vcxproj", "{27DC5310-E449-40EC-9973-838BC479DFC2}"
EndProject
Global
	GlobalSection(SolutionConfigurationPlatforms) = preSolution
		Debug|x64 = Debug|x64
		Debug|x86 = Debug|x86
		Release|x64 = Release|x64
		Release|x86 = Release|x86
	EndGlobalSection
	GlobalSection(ProjectConfigurationPlatforms) = postSolution
		{27DC5310-E449-40EC-9973-838BC479DFC2}.Debug|x64.ActiveCfg = Debug|x64
		{27DC5310-E449-40EC-9973-838BC479DFC2}.Debug|x64.Build.0 = Debug|x64
		{27DC5310-E449-40EC-9973-838BC479DFC2}.Debug|x86.ActiveCfg = Debug|Win32
		{27DC5310-E449-40EC-9973-838BC479DFC2}.Debug|x86.Build.0 = Debug|Win32
		{27DC5310-E449-40EC-9973-838BC479DFC2}.Release|x64.ActiveCfg = Release|x64
		{27DC5310-E449-40EC-9973-838BC479DFC2}.Release|x64.Build.0 = Release|x64
		{27DC5310-E449-40EC-9973-838BC479DFC2}.Release|x86.ActiveCfg = Release|Win32
		{27DC5310-E449-40EC-9973-838BC479DFC2}.Release|x86.Build.0 = Release|Win32
	EndGlobalSection
	GlobalSection(SolutionProperties) = preSolution
		HideSolutionNode = FALSE
	EndGlobalSection
	GlobalSection(ExtensibilityGlobals) = postSolution
		SolutionGuid = {0BF44534-AB21-4858-929E-542DFA6322FE}
	EndGlobalSection
EndGlobal
